<Solution>
  <Folder Name="/src/">
    <Project Path="src/TrafficAnalyzer.Client/TrafficAnalyzer.Client.csproj" />
    <Project Path="src/TrafficAnalyzer.Core/TrafficAnalyzer.Core.csproj" />
    <Project Path="src/TrafficAnalyzer.Capture/TrafficAnalyzer.Capture.csproj" />
    <Project Path="src/TrafficAnalyzer.Parser/TrafficAnalyzer.Parser.csproj" />
  </Folder>
  <Project Path="src/TrafficAnalyzer.DesktopClient/TrafficAnalyzer.DesktopClient.csproj" Id="3ec0181f-e8af-47b5-846e-5e8bdf4cf16c">
    <Platform Project="x64" />
    <Deploy />
  </Project>
</Solution>
